{
  "name": "node-actions-demo",
  "version": "1.0.0",
  "lockfileVersion": 3,
  "requires": true,
  "packages": {
    "": {
      "name": "node-actions-demo",
      "version": "1.0.0",
      "license": "ISC",
      "dependencies": {
        "@zhuoyifan/todd-child": "^4.0.0"
      }
    },
    "node_modules/@zhuoyifan/todd-child": {
      "version": "4.0.0",
      "resolved": "https://registry.npmjs.org/@zhuoyifan/todd-child/-/todd-child-4.0.0.tgz",
      "integrity": "sha512-g0GavUIOcp0RV9DG8Rpo9Okqxd3u0Bh5aHYX6tLSbYFvK66KNUkayuAaztLRLXFxEvGHQUPD1ap8c6BionNiGA==",
      "license": "ISC"
    }
  }
}
